
Microsoft Visual Studio Solution File, Format Version 12.00
# Visual Studio Version 17
VisualStudioVersion = 17.0.31903.59
MinimumVisualStudioVersion = 10.0.40219.1
Project("{2150E333-8FDC-42A3-9474-1A3956D46DE8}") = "src", "src", "{67E843A1-F1C1-403E-9523-367E9DF22311}"
EndProject
Project("{FAE04EC0-301F-11D3-BF4B-00C04F79EFBC}") = "Core", "src\Core\Core.csproj", "{D2A4228F-EFA0-4574-B6F4-09A30AA73603}"
EndProject
Project("{FAE04EC0-301F-11D3-BF4B-00C04F79EFBC}") = "Application", "src\Application\Application.csproj", "{80D5ECBE-53F1-4F3C-A1FC-30ACE6970BAD}"
EndProject
Project("{FAE04EC0-301F-11D3-BF4B-00C04F79EFBC}") = "Infrastructure", "src\Infrastructure\Infrastructure.csproj", "{02C52AAC-DEEE-4B48-88F8-3A01D83798E0}"
EndProject
Project("{2150E333-8FDC-42A3-9474-1A3956D46DE8}") = "Presentation", "Presentation", "{F8EE9487-D691-4C45-990C-B266E65CBBC5}"
EndProject
Project("{FAE04EC0-301F-11D3-BF4B-00C04F79EFBC}") = "API", "src\Presentation\API\API.csproj", "{AD8D1C52-1C34-4B42-9DC5-E05A36C45477}"
EndProject
Project("{2150E333-8FDC-42A3-9474-1A3956D46DE8}") = "tests", "tests", "{DB8A5EBA-097B-49FD-A5AD-07D779495AD4}"
EndProject
Project("{2150E333-8FDC-42A3-9474-1A3956D46DE8}") = "Unit", "Unit", "{5A4EDD58-1497-404C-84FD-60A974F26D83}"
EndProject
Project("{FAE04EC0-301F-11D3-BF4B-00C04F79EFBC}") = "Core.Tests", "tests\Unit\Core.Tests\Core.Tests.csproj", "{231CF183-ECD6-4BD8-9956-1D367E64CBA8}"
EndProject
Project("{2150E333-8FDC-42A3-9474-1A3956D46DE8}") = "Integration", "Integration", "{DCE64501-F43A-4A65-839C-299D0F7AB8C5}"
EndProject
Project("{FAE04EC0-301F-11D3-BF4B-00C04F79EFBC}") = "API.Tests", "tests\Integration\API.Tests\API.Tests.csproj", "{44661AF8-26DB-4E1B-8103-444F60831D08}"
EndProject
Project("{FAE04EC0-301F-11D3-BF4B-00C04F79EFBC}") = "Web", "..\frontend\Web\Web.csproj", "{57101FC8-3824-4DE1-BAB3-38C02F41AAC5}"
EndProject
Global
	GlobalSection(SolutionConfigurationPlatforms) = preSolution
		Debug|Any CPU = Debug|Any CPU
		Release|Any CPU = Release|Any CPU
	EndGlobalSection
	GlobalSection(SolutionProperties) = preSolution
		HideSolutionNode = FALSE
	EndGlobalSection
	GlobalSection(ProjectConfigurationPlatforms) = postSolution
		{D2A4228F-EFA0-4574-B6F4-09A30AA73603}.Debug|Any CPU.ActiveCfg = Debug|Any CPU
		{D2A4228F-EFA0-4574-B6F4-09A30AA73603}.Debug|Any CPU.Build.0 = Debug|Any CPU
		{D2A4228F-EFA0-4574-B6F4-09A30AA73603}.Release|Any CPU.ActiveCfg = Release|Any CPU
		{D2A4228F-EFA0-4574-B6F4-09A30AA73603}.Release|Any CPU.Build.0 = Release|Any CPU
		{80D5ECBE-53F1-4F3C-A1FC-30ACE6970BAD}.Debug|Any CPU.ActiveCfg = Debug|Any CPU
		{80D5ECBE-53F1-4F3C-A1FC-30ACE6970BAD}.Debug|Any CPU.Build.0 = Debug|Any CPU
		{80D5ECBE-53F1-4F3C-A1FC-30ACE6970BAD}.Release|Any CPU.ActiveCfg = Release|Any CPU
		{80D5ECBE-53F1-4F3C-A1FC-30ACE6970BAD}.Release|Any CPU.Build.0 = Release|Any CPU
		{02C52AAC-DEEE-4B48-88F8-3A01D83798E0}.Debug|Any CPU.ActiveCfg = Debug|Any CPU
		{02C52AAC-DEEE-4B48-88F8-3A01D83798E0}.Debug|Any CPU.Build.0 = Debug|Any CPU
		{02C52AAC-DEEE-4B48-88F8-3A01D83798E0}.Release|Any CPU.ActiveCfg = Release|Any CPU
		{02C52AAC-DEEE-4B48-88F8-3A01D83798E0}.Release|Any CPU.Build.0 = Release|Any CPU
		{AD8D1C52-1C34-4B42-9DC5-E05A36C45477}.Debug|Any CPU.ActiveCfg = Debug|Any CPU
		{AD8D1C52-1C34-4B42-9DC5-E05A36C45477}.Debug|Any CPU.Build.0 = Debug|Any CPU
		{AD8D1C52-1C34-4B42-9DC5-E05A36C45477}.Release|Any CPU.ActiveCfg = Release|Any CPU
		{AD8D1C52-1C34-4B42-9DC5-E05A36C45477}.Release|Any CPU.Build.0 = Release|Any CPU
		{231CF183-ECD6-4BD8-9956-1D367E64CBA8}.Debug|Any CPU.ActiveCfg = Debug|Any CPU
		{231CF183-ECD6-4BD8-9956-1D367E64CBA8}.Debug|Any CPU.Build.0 = Debug|Any CPU
		{231CF183-ECD6-4BD8-9956-1D367E64CBA8}.Release|Any CPU.ActiveCfg = Release|Any CPU
		{231CF183-ECD6-4BD8-9956-1D367E64CBA8}.Release|Any CPU.Build.0 = Release|Any CPU
		{44661AF8-26DB-4E1B-8103-444F60831D08}.Debug|Any CPU.ActiveCfg = Debug|Any CPU
		{44661AF8-26DB-4E1B-8103-444F60831D08}.Debug|Any CPU.Build.0 = Debug|Any CPU
		{44661AF8-26DB-4E1B-8103-444F60831D08}.Release|Any CPU.ActiveCfg = Release|Any CPU
		{44661AF8-26DB-4E1B-8103-444F60831D08}.Release|Any CPU.Build.0 = Release|Any CPU
		{57101FC8-3824-4DE1-BAB3-38C02F41AAC5}.Debug|Any CPU.ActiveCfg = Debug|Any CPU
		{57101FC8-3824-4DE1-BAB3-38C02F41AAC5}.Debug|Any CPU.Build.0 = Debug|Any CPU
		{57101FC8-3824-4DE1-BAB3-38C02F41AAC5}.Release|Any CPU.ActiveCfg = Release|Any CPU
		{57101FC8-3824-4DE1-BAB3-38C02F41AAC5}.Release|Any CPU.Build.0 = Release|Any CPU
	EndGlobalSection
	GlobalSection(NestedProjects) = preSolution
		{D2A4228F-EFA0-4574-B6F4-09A30AA73603} = {67E843A1-F1C1-403E-9523-367E9DF22311}
		{80D5ECBE-53F1-4F3C-A1FC-30ACE6970BAD} = {67E843A1-F1C1-403E-9523-367E9DF22311}
		{02C52AAC-DEEE-4B48-88F8-3A01D83798E0} = {67E843A1-F1C1-403E-9523-367E9DF22311}
		{F8EE9487-D691-4C45-990C-B266E65CBBC5} = {67E843A1-F1C1-403E-9523-367E9DF22311}
		{AD8D1C52-1C34-4B42-9DC5-E05A36C45477} = {F8EE9487-D691-4C45-990C-B266E65CBBC5}
		{5A4EDD58-1497-404C-84FD-60A974F26D83} = {DB8A5EBA-097B-49FD-A5AD-07D779495AD4}
		{231CF183-ECD6-4BD8-9956-1D367E64CBA8} = {5A4EDD58-1497-404C-84FD-60A974F26D83}
		{DCE64501-F43A-4A65-839C-299D0F7AB8C5} = {DB8A5EBA-097B-49FD-A5AD-07D779495AD4}
		{44661AF8-26DB-4E1B-8103-444F60831D08} = {DCE64501-F43A-4A65-839C-299D0F7AB8C5}
	EndGlobalSection
EndGlobal
